
Microsoft Visual Studio Solution File, Format Version 12.00
# Visual Studio Version 17
VisualStudioVersion = 17.3.32901.215
MinimumVisualStudioVersion = 10.0.40219.1
Project("{FAE04EC0-301F-11D3-BF4B-00C04F79EFBC}") = "2zadanie", "2zadanie\2zadanie.csproj", "{7AC305F1-B40A-4C53-B93D-CD9D58C056EA}"
EndProject
Global
	GlobalSection(SolutionConfigurationPlatforms) = preSolution
		Debug|Any CPU = Debug|Any CPU
		Release|Any CPU = Release|Any CPU
	EndGlobalSection
	GlobalSection(ProjectConfigurationPlatforms) = postSolution
		{7AC305F1-B40A-4C53-B93D-CD9D58C056EA}.Debug|Any CPU.ActiveCfg = Debug|Any CPU
		{7AC305F1-B40A-4C53-B93D-CD9D58C056EA}.Debug|Any CPU.Build.0 = Debug|Any CPU
		{7AC305F1-B40A-4C53-B93D-CD9D58C056EA}.Release|Any CPU.ActiveCfg = Release|Any CPU
		{7AC305F1-B40A-4C53-B93D-CD9D58C056EA}.Release|Any CPU.Build.0 = Release|Any CPU
	EndGlobalSection
	GlobalSection(SolutionProperties) = preSolution
		HideSolutionNode = FALSE
	EndGlobalSection
	GlobalSection(ExtensibilityGlobals) = postSolution
		SolutionGuid = {3EDB3C24-C0D0-4983-8C41-169F1EEB4D1A}
	EndGlobalSection
EndGlobal
